
Microsoft Visual Studio Solution File, Format Version 12.00
# Visual Studio 15
VisualStudioVersion = 15.0.28307.421
MinimumVisualStudioVersion = 10.0.40219.1
Project("{FAE04EC0-301F-11D3-BF4B-00C04F79EFBC}") = "Personal Budget", "Personal Budget\Personal Budget.csproj", "{6A276E2F-A283-40FC-98C5-47AA8EA9301E}"
EndProject
Global
	GlobalSection(SolutionConfigurationPlatforms) = preSolution
		Debug|Any CPU = Debug|Any CPU
		Release|Any CPU = Release|Any CPU
	EndGlobalSection
	GlobalSection(ProjectConfigurationPlatforms) = postSolution
		{6A276E2F-A283-40FC-98C5-47AA8EA9301E}.Debug|Any CPU.ActiveCfg = Debug|Any CPU
		{6A276E2F-A283-40FC-98C5-47AA8EA9301E}.Debug|Any CPU.Build.0 = Debug|Any CPU
		{6A276E2F-A283-40FC-98C5-47AA8EA9301E}.Release|Any CPU.ActiveCfg = Release|Any CPU
		{6A276E2F-A283-40FC-98C5-47AA8EA9301E}.Release|Any CPU.Build.0 = Release|Any CPU
	EndGlobalSection
	GlobalSection(SolutionProperties) = preSolution
		HideSolutionNode = FALSE
	EndGlobalSection
	GlobalSection(ExtensibilityGlobals) = postSolution
		SolutionGuid = {49842291-27B8-42B2-A16D-18804EC7F74D}
	EndGlobalSection
EndGlobal
